
Microsoft Visual Studio Solution File, Format Version 12.00
# Visual Studio Version 16
VisualStudioVersion = 16.0.31729.503
MinimumVisualStudioVersion = 10.0.40219.1
Project("{FAE04EC0-301F-11D3-BF4B-00C04F79EFBC}") = "Graphical User Interface", "Graphical User Interface\Graphical User Interface.csproj", "{BF3B4748-D56B-440C-9E03-914F1C872CD6}"
EndProject
Project("{FAE04EC0-301F-11D3-BF4B-00C04F79EFBC}") = "DataAccessLayer", "DataAccessLayer\DataAccessLayer.csproj", "{0B2B81D6-B0B0-4613-8E0C-9F3B457B7681}"
EndProject
Global
	GlobalSection(SolutionConfigurationPlatforms) = preSolution
		Debug|Any CPU = Debug|Any CPU
		Release|Any CPU = Release|Any CPU
	EndGlobalSection
	GlobalSection(ProjectConfigurationPlatforms) = postSolution
		{BF3B4748-D56B-440C-9E03-914F1C872CD6}.Debug|Any CPU.ActiveCfg = Debug|Any CPU
		{BF3B4748-D56B-440C-9E03-914F1C872CD6}.Debug|Any CPU.Build.0 = Debug|Any CPU
		{BF3B4748-D56B-440C-9E03-914F1C872CD6}.Release|Any CPU.ActiveCfg = Release|Any CPU
		{BF3B4748-D56B-440C-9E03-914F1C872CD6}.Release|Any CPU.Build.0 = Release|Any CPU
		{0B2B81D6-B0B0-4613-8E0C-9F3B457B7681}.Debug|Any CPU.ActiveCfg = Debug|Any CPU
		{0B2B81D6-B0B0-4613-8E0C-9F3B457B7681}.Debug|Any CPU.Build.0 = Debug|Any CPU
		{0B2B81D6-B0B0-4613-8E0C-9F3B457B7681}.Release|Any CPU.ActiveCfg = Release|Any CPU
		{0B2B81D6-B0B0-4613-8E0C-9F3B457B7681}.Release|Any CPU.Build.0 = Release|Any CPU
	EndGlobalSection
	GlobalSection(SolutionProperties) = preSolution
		HideSolutionNode = FALSE
	EndGlobalSection
	GlobalSection(ExtensibilityGlobals) = postSolution
		SolutionGuid = {D335A15C-7577-42A1-9590-7CB95AFC51A7}
	EndGlobalSection
EndGlobal
